
Microsoft Visual Studio Solution File, Format Version 12.00
# Visual Studio Version 17
VisualStudioVersion = 17.13.35806.99
MinimumVisualStudioVersion = 10.0.40219.1
Project("{FAE04EC0-301F-11D3-BF4B-00C04F79EFBC}") = "EC2_2100212.Web", "EC2_2100212\EC2_2100212.Web.csproj", "{E869C527-055E-476A-9365-7C40FC6E7361}"
EndProject
Project("{FAE04EC0-301F-11D3-BF4B-00C04F79EFBC}") = "EC2_2100212.Models", "EC2_2100212.Models\EC2_2100212.Models.csproj", "{55418BA4-950A-4BC8-A2FD-6CC45694A3EA}"
EndProject
Project("{FAE04EC0-301F-11D3-BF4B-00C04F79EFBC}") = "EC2_2100212.ViewModels", "EC2_2100212.ViewModels\EC2_2100212.ViewModels.csproj", "{FDE631E9-F01D-4E68-BBE8-94960F1DE472}"
EndProject
Project("{FAE04EC0-301F-11D3-BF4B-00C04F79EFBC}") = "EC2_2100212.Repositories", "EC2_2100212.Repositories\EC2_2100212.Repositories.csproj", "{BA7A8215-8B5A-4083-9139-F195CC47BD66}"
EndProject
Project("{FAE04EC0-301F-11D3-BF4B-00C04F79EFBC}") = "EC2_2100212.Services", "EC2_2100212.Services\EC2_2100212.Services.csproj", "{1D62B99B-156F-42EF-909C-A1D9E7DB6D4D}"
EndProject
Project("{FAE04EC0-301F-11D3-BF4B-00C04F79EFBC}") = "BNS2025.Web", "BNS2025.Web\BNS2025.Web.csproj", "{A73FA7E3-38C3-44EB-AFCC-F1A0969139BA}"
EndProject
Project("{FAE04EC0-301F-11D3-BF4B-00C04F79EFBC}") = "BNS2025.Models", "BNS2025.Models\BNS2025.Models.csproj", "{BEEF2C74-8D5A-4D0B-81F1-83E015CA0E06}"
EndProject
Project("{FAE04EC0-301F-11D3-BF4B-00C04F79EFBC}") = "BNS2025.ViewModels", "BNS2025.ViewModels\BNS2025.ViewModels.csproj", "{049204A3-DE12-4B5D-879F-5CB2C3521BDF}"
EndProject
Project("{FAE04EC0-301F-11D3-BF4B-00C04F79EFBC}") = "BNS2025.Repositories", "BNS2025.Repositories\BNS2025.Repositories.csproj", "{A3066621-1438-4F59-952B-A03C4A705BA8}"
EndProject
Project("{FAE04EC0-301F-11D3-BF4B-00C04F79EFBC}") = "BNS2025.Services", "BNS2025.Services\BNS2025.Services.csproj", "{1005C05D-2D04-4C8D-8618-AD3C6BD7AD27}"
EndProject
Project("{FAE04EC0-301F-11D3-BF4B-00C04F79EFBC}") = "BNS2025.WebAPI", "BNS2025.WebAPI\BNS2025.WebAPI.csproj", "{D55B6865-04C4-420E-B7EE-47324B313914}"
EndProject
Global
	GlobalSection(SolutionConfigurationPlatforms) = preSolution
		Debug|Any CPU = Debug|Any CPU
		Release|Any CPU = Release|Any CPU
	EndGlobalSection
	GlobalSection(ProjectConfigurationPlatforms) = postSolution
		{E869C527-055E-476A-9365-7C40FC6E7361}.Debug|Any CPU.ActiveCfg = Debug|Any CPU
		{E869C527-055E-476A-9365-7C40FC6E7361}.Debug|Any CPU.Build.0 = Debug|Any CPU
		{E869C527-055E-476A-9365-7C40FC6E7361}.Release|Any CPU.ActiveCfg = Release|Any CPU
		{E869C527-055E-476A-9365-7C40FC6E7361}.Release|Any CPU.Build.0 = Release|Any CPU
		{55418BA4-950A-4BC8-A2FD-6CC45694A3EA}.Debug|Any CPU.ActiveCfg = Debug|Any CPU
		{55418BA4-950A-4BC8-A2FD-6CC45694A3EA}.Debug|Any CPU.Build.0 = Debug|Any CPU
		{55418BA4-950A-4BC8-A2FD-6CC45694A3EA}.Release|Any CPU.ActiveCfg = Release|Any CPU
		{55418BA4-950A-4BC8-A2FD-6CC45694A3EA}.Release|Any CPU.Build.0 = Release|Any CPU
		{FDE631E9-F01D-4E68-BBE8-94960F1DE472}.Debug|Any CPU.ActiveCfg = Debug|Any CPU
		{FDE631E9-F01D-4E68-BBE8-94960F1DE472}.Debug|Any CPU.Build.0 = Debug|Any CPU
		{FDE631E9-F01D-4E68-BBE8-94960F1DE472}.Release|Any CPU.ActiveCfg = Release|Any CPU
		{FDE631E9-F01D-4E68-BBE8-94960F1DE472}.Release|Any CPU.Build.0 = Release|Any CPU
		{BA7A8215-8B5A-4083-9139-F195CC47BD66}.Debug|Any CPU.ActiveCfg = Debug|Any CPU
		{BA7A8215-8B5A-4083-9139-F195CC47BD66}.Debug|Any CPU.Build.0 = Debug|Any CPU
		{BA7A8215-8B5A-4083-9139-F195CC47BD66}.Release|Any CPU.ActiveCfg = Release|Any CPU
		{BA7A8215-8B5A-4083-9139-F195CC47BD66}.Release|Any CPU.Build.0 = Release|Any CPU
		{1D62B99B-156F-42EF-909C-A1D9E7DB6D4D}.Debug|Any CPU.ActiveCfg = Debug|Any CPU
		{1D62B99B-156F-42EF-909C-A1D9E7DB6D4D}.Debug|Any CPU.Build.0 = Debug|Any CPU
		{1D62B99B-156F-42EF-909C-A1D9E7DB6D4D}.Release|Any CPU.ActiveCfg = Release|Any CPU
		{1D62B99B-156F-42EF-909C-A1D9E7DB6D4D}.Release|Any CPU.Build.0 = Release|Any CPU
		{A73FA7E3-38C3-44EB-AFCC-F1A0969139BA}.Debug|Any CPU.ActiveCfg = Debug|Any CPU
		{A73FA7E3-38C3-44EB-AFCC-F1A0969139BA}.Debug|Any CPU.Build.0 = Debug|Any CPU
		{A73FA7E3-38C3-44EB-AFCC-F1A0969139BA}.Release|Any CPU.ActiveCfg = Release|Any CPU
		{A73FA7E3-38C3-44EB-AFCC-F1A0969139BA}.Release|Any CPU.Build.0 = Release|Any CPU
		{BEEF2C74-8D5A-4D0B-81F1-83E015CA0E06}.Debug|Any CPU.ActiveCfg = Debug|Any CPU
		{BEEF2C74-8D5A-4D0B-81F1-83E015CA0E06}.Debug|Any CPU.Build.0 = Debug|Any CPU
		{BEEF2C74-8D5A-4D0B-81F1-83E015CA0E06}.Release|Any CPU.ActiveCfg = Release|Any CPU
		{BEEF2C74-8D5A-4D0B-81F1-83E015CA0E06}.Release|Any CPU.Build.0 = Release|Any CPU
		{049204A3-DE12-4B5D-879F-5CB2C3521BDF}.Debug|Any CPU.ActiveCfg = Debug|Any CPU
		{049204A3-DE12-4B5D-879F-5CB2C3521BDF}.Debug|Any CPU.Build.0 = Debug|Any CPU
		{049204A3-DE12-4B5D-879F-5CB2C3521BDF}.Release|Any CPU.ActiveCfg = Release|Any CPU
		{049204A3-DE12-4B5D-879F-5CB2C3521BDF}.Release|Any CPU.Build.0 = Release|Any CPU
		{A3066621-1438-4F59-952B-A03C4A705BA8}.Debug|Any CPU.ActiveCfg = Debug|Any CPU
		{A3066621-1438-4F59-952B-A03C4A705BA8}.Debug|Any CPU.Build.0 = Debug|Any CPU
		{A3066621-1438-4F59-952B-A03C4A705BA8}.Release|Any CPU.ActiveCfg = Release|Any CPU
		{A3066621-1438-4F59-952B-A03C4A705BA8}.Release|Any CPU.Build.0 = Release|Any CPU
		{1005C05D-2D04-4C8D-8618-AD3C6BD7AD27}.Debug|Any CPU.ActiveCfg = Debug|Any CPU
		{1005C05D-2D04-4C8D-8618-AD3C6BD7AD27}.Debug|Any CPU.Build.0 = Debug|Any CPU
		{1005C05D-2D04-4C8D-8618-AD3C6BD7AD27}.Release|Any CPU.ActiveCfg = Release|Any CPU
		{1005C05D-2D04-4C8D-8618-AD3C6BD7AD27}.Release|Any CPU.Build.0 = Release|Any CPU
		{D55B6865-04C4-420E-B7EE-47324B313914}.Debug|Any CPU.ActiveCfg = Debug|Any CPU
		{D55B6865-04C4-420E-B7EE-47324B313914}.Debug|Any CPU.Build.0 = Debug|Any CPU
		{D55B6865-04C4-420E-B7EE-47324B313914}.Release|Any CPU.ActiveCfg = Release|Any CPU
		{D55B6865-04C4-420E-B7EE-47324B313914}.Release|Any CPU.Build.0 = Release|Any CPU
	EndGlobalSection
	GlobalSection(SolutionProperties) = preSolution
		HideSolutionNode = FALSE
	EndGlobalSection
	GlobalSection(ExtensibilityGlobals) = postSolution
		SolutionGuid = {31E5A70B-9294-438B-BC15-C316987BE906}
	EndGlobalSection
EndGlobal
